
Microsoft Visual Studio Solution File, Format Version 12.00
# Visual Studio Version 17
VisualStudioVersion = 17.5.33103.201
MinimumVisualStudioVersion = 10.0.40219.1
Project("{FAE04EC0-301F-11D3-BF4B-00C04F79EFBC}") = "WhatShouldIWorkOnToday.Api", "WhatShouldIWorkOnToday.Api\WhatShouldIWorkOnToday.Api.csproj", "{0490D745-C361-4C3F-B8F0-37F63B77C232}"
EndProject
Project("{FAE04EC0-301F-11D3-BF4B-00C04F79EFBC}") = "WhatShouldIWorkOnToday.Contracts", "WhatShouldIWorkOnToday.Contracts\WhatShouldIWorkOnToday.Contracts.csproj", "{3A65AB52-64BB-4956-BD42-357FB54DA563}"
EndProject
Project("{FAE04EC0-301F-11D3-BF4B-00C04F79EFBC}") = "WhatShouldIWorkOnToday.Application", "WhatShouldIWorkOnToday.Application\WhatShouldIWorkOnToday.Application.csproj", "{C082A205-69D1-40B9-BE32-736A292F24A2}"
EndProject
Project("{FAE04EC0-301F-11D3-BF4B-00C04F79EFBC}") = "WhatShouldIWorkOnToday.Domain", "WhatShouldIWorkOnToday.Domain\WhatShouldIWorkOnToday.Domain.csproj", "{C68E2B05-F350-4CF3-8A58-AF290D5C0BDD}"
EndProject
Project("{FAE04EC0-301F-11D3-BF4B-00C04F79EFBC}") = "WhatShouldIWorkOnToday.Infrastructure", "WhatShouldIWorkOnToday.Infrastructure\WhatShouldIWorkOnToday.Infrastructure.csproj", "{DD8327FB-ED1D-412F-897F-69991AE8D6DD}"
EndProject
Global
	GlobalSection(SolutionConfigurationPlatforms) = preSolution
		Debug|Any CPU = Debug|Any CPU
		Release|Any CPU = Release|Any CPU
	EndGlobalSection
	GlobalSection(ProjectConfigurationPlatforms) = postSolution
		{0490D745-C361-4C3F-B8F0-37F63B77C232}.Debug|Any CPU.ActiveCfg = Debug|Any CPU
		{0490D745-C361-4C3F-B8F0-37F63B77C232}.Debug|Any CPU.Build.0 = Debug|Any CPU
		{0490D745-C361-4C3F-B8F0-37F63B77C232}.Release|Any CPU.ActiveCfg = Release|Any CPU
		{0490D745-C361-4C3F-B8F0-37F63B77C232}.Release|Any CPU.Build.0 = Release|Any CPU
		{3A65AB52-64BB-4956-BD42-357FB54DA563}.Debug|Any CPU.ActiveCfg = Debug|Any CPU
		{3A65AB52-64BB-4956-BD42-357FB54DA563}.Debug|Any CPU.Build.0 = Debug|Any CPU
		{3A65AB52-64BB-4956-BD42-357FB54DA563}.Release|Any CPU.ActiveCfg = Release|Any CPU
		{3A65AB52-64BB-4956-BD42-357FB54DA563}.Release|Any CPU.Build.0 = Release|Any CPU
		{C082A205-69D1-40B9-BE32-736A292F24A2}.Debug|Any CPU.ActiveCfg = Debug|Any CPU
		{C082A205-69D1-40B9-BE32-736A292F24A2}.Debug|Any CPU.Build.0 = Debug|Any CPU
		{C082A205-69D1-40B9-BE32-736A292F24A2}.Release|Any CPU.ActiveCfg = Release|Any CPU
		{C082A205-69D1-40B9-BE32-736A292F24A2}.Release|Any CPU.Build.0 = Release|Any CPU
		{C68E2B05-F350-4CF3-8A58-AF290D5C0BDD}.Debug|Any CPU.ActiveCfg = Debug|Any CPU
		{C68E2B05-F350-4CF3-8A58-AF290D5C0BDD}.Debug|Any CPU.Build.0 = Debug|Any CPU
		{C68E2B05-F350-4CF3-8A58-AF290D5C0BDD}.Release|Any CPU.ActiveCfg = Release|Any CPU
		{C68E2B05-F350-4CF3-8A58-AF290D5C0BDD}.Release|Any CPU.Build.0 = Release|Any CPU
		{DD8327FB-ED1D-412F-897F-69991AE8D6DD}.Debug|Any CPU.ActiveCfg = Debug|Any CPU
		{DD8327FB-ED1D-412F-897F-69991AE8D6DD}.Debug|Any CPU.Build.0 = Debug|Any CPU
		{DD8327FB-ED1D-412F-897F-69991AE8D6DD}.Release|Any CPU.ActiveCfg = Release|Any CPU
		{DD8327FB-ED1D-412F-897F-69991AE8D6DD}.Release|Any CPU.Build.0 = Release|Any CPU
	EndGlobalSection
	GlobalSection(SolutionProperties) = preSolution
		HideSolutionNode = FALSE
	EndGlobalSection
	GlobalSection(ExtensibilityGlobals) = postSolution
		SolutionGuid = {A8164BB1-891F-4BB7-8C76-CF3DFFE00FFE}
	EndGlobalSection
EndGlobal
