
Microsoft Visual Studio Solution File, Format Version 12.00
# Visual Studio Version 17
VisualStudioVersion = 17.3.32721.290
MinimumVisualStudioVersion = 10.0.40219.1
Project("{9A19103F-16F7-4668-BE54-9A1E7A4F7556}") = "WhatShouldIWorkOnToday.Client", "WhatShouldIWorkOnToday.Client\WhatShouldIWorkOnToday.Client.csproj", "{88862128-A2C4-4E05-BA38-9FCB8073E8D8}"
EndProject
Project("{00D1A9C2-B5F0-4AF3-8072-F6C62B433612}") = "WhatShouldIWorkOnToday.Database", "WhatShouldIWorkOnToday.Database\WhatShouldIWorkOnToday.Database.sqlproj", "{EA4999C7-32A3-46A5-B681-2EF8DDDA3DDC}"
EndProject
Project("{F2A71F9B-5D33-465A-A702-920D77279786}") = "WhatShouldIWorkOnToday.Service.Host", "WhatShouldIWorkOnToday.Service.Host\WhatShouldIWorkOnToday.Service.Host.fsproj", "{083BBD37-3D62-45D1-AD4D-A553E156FC05}"
EndProject
Global
	GlobalSection(SolutionConfigurationPlatforms) = preSolution
		Debug|Any CPU = Debug|Any CPU
		Release|Any CPU = Release|Any CPU
	EndGlobalSection
	GlobalSection(ProjectConfigurationPlatforms) = postSolution
		{88862128-A2C4-4E05-BA38-9FCB8073E8D8}.Debug|Any CPU.ActiveCfg = Debug|Any CPU
		{88862128-A2C4-4E05-BA38-9FCB8073E8D8}.Debug|Any CPU.Build.0 = Debug|Any CPU
		{88862128-A2C4-4E05-BA38-9FCB8073E8D8}.Release|Any CPU.ActiveCfg = Release|Any CPU
		{88862128-A2C4-4E05-BA38-9FCB8073E8D8}.Release|Any CPU.Build.0 = Release|Any CPU
		{EA4999C7-32A3-46A5-B681-2EF8DDDA3DDC}.Debug|Any CPU.ActiveCfg = Debug|Any CPU
		{EA4999C7-32A3-46A5-B681-2EF8DDDA3DDC}.Debug|Any CPU.Build.0 = Debug|Any CPU
		{EA4999C7-32A3-46A5-B681-2EF8DDDA3DDC}.Debug|Any CPU.Deploy.0 = Debug|Any CPU
		{EA4999C7-32A3-46A5-B681-2EF8DDDA3DDC}.Release|Any CPU.ActiveCfg = Release|Any CPU
		{EA4999C7-32A3-46A5-B681-2EF8DDDA3DDC}.Release|Any CPU.Build.0 = Release|Any CPU
		{EA4999C7-32A3-46A5-B681-2EF8DDDA3DDC}.Release|Any CPU.Deploy.0 = Release|Any CPU
		{083BBD37-3D62-45D1-AD4D-A553E156FC05}.Debug|Any CPU.ActiveCfg = Debug|Any CPU
		{083BBD37-3D62-45D1-AD4D-A553E156FC05}.Debug|Any CPU.Build.0 = Debug|Any CPU
		{083BBD37-3D62-45D1-AD4D-A553E156FC05}.Release|Any CPU.ActiveCfg = Release|Any CPU
		{083BBD37-3D62-45D1-AD4D-A553E156FC05}.Release|Any CPU.Build.0 = Release|Any CPU
	EndGlobalSection
	GlobalSection(SolutionProperties) = preSolution
		HideSolutionNode = FALSE
	EndGlobalSection
	GlobalSection(ExtensibilityGlobals) = postSolution
		SolutionGuid = {C2074D56-F96A-4668-B386-4B5C930C0AE3}
	EndGlobalSection
EndGlobal
